
Microsoft Visual Studio Solution File, Format Version 12.00
# Visual Studio Version 16
VisualStudioVersion = 16.0.30413.136
MinimumVisualStudioVersion = 10.0.40219.1
Project("{FAE04EC0-301F-11D3-BF4B-00C04F79EFBC}") = "Övningar lektion 3", "Övningar lektion 3\Övningar lektion 3.csproj", "{20FC56F0-46EC-47DD-9079-C7452C7C0C27}"
EndProject
Global
	GlobalSection(SolutionConfigurationPlatforms) = preSolution
		Debug|Any CPU = Debug|Any CPU
		Release|Any CPU = Release|Any CPU
	EndGlobalSection
	GlobalSection(ProjectConfigurationPlatforms) = postSolution
		{20FC56F0-46EC-47DD-9079-C7452C7C0C27}.Debug|Any CPU.ActiveCfg = Debug|Any CPU
		{20FC56F0-46EC-47DD-9079-C7452C7C0C27}.Debug|Any CPU.Build.0 = Debug|Any CPU
		{20FC56F0-46EC-47DD-9079-C7452C7C0C27}.Release|Any CPU.ActiveCfg = Release|Any CPU
		{20FC56F0-46EC-47DD-9079-C7452C7C0C27}.Release|Any CPU.Build.0 = Release|Any CPU
	EndGlobalSection
	GlobalSection(SolutionProperties) = preSolution
		HideSolutionNode = FALSE
	EndGlobalSection
	GlobalSection(ExtensibilityGlobals) = postSolution
		SolutionGuid = {96358039-F896-4E90-AFFC-E49A05F34BA1}
	EndGlobalSection
EndGlobal
